// !$*UTF8*$!
{
	archiveVersion = 1;
	classes = {
	};
	objectVersion = 48;
	objects = {

/* Begin PBXBuildFile section */
		095981C620C15928006626C0 /* AppDelegate.swift in Sources */ = {isa = PBXBuildFile; fileRef = 095981C520C15928006626C0 /* AppDelegate.swift */; };
		095981C820C15928006626C0 /* ViewController.swift in Sources */ = {isa = PBXBuildFile; fileRef = 095981C720C15928006626C0 /* ViewController.swift */; };
		095981CB20C15928006626C0 /* Main.storyboard in Resources */ = {isa = PBXBuildFile; fileRef = 095981C920C15928006626C0 /* Main.storyboard */; };
		095981CD20C15928006626C0 /* Assets.xcassets in Resources */ = {isa = PBXBuildFile; fileRef = 095981CC20C15928006626C0 /* Assets.xcassets */; };
		095981D020C15928006626C0 /* LaunchScreen.storyboard in Resources */ = {isa = PBXBuildFile; fileRef = 095981CE20C15928006626C0 /* LaunchScreen.storyboard */; };
		095981DB20C15928006626C0 /* schedule1Tests.swift in Sources */ = {isa = PBXBuildFile; fileRef = 095981DA20C15928006626C0 /* schedule1Tests.swift */; };
		095981E620C15928006626C0 /* schedule1UITests.swift in Sources */ = {isa = PBXBuildFile; fileRef = 095981E520C15928006626C0 /* schedule1UITests.swift */; };
/* End PBXBuildFile section */

/* Begin PBXContainerItemProxy section */
		095981D720C15928006626C0 /* PBXContainerItemProxy */ = {
			isa = PBXContainerItemProxy;
			containerPortal = 095981BA20C15928006626C0 /* Project object */;
			proxyType = 1;
			remoteGlobalIDString = 095981C120C15928006626C0;
			remoteInfo = schedule1;
		};
		095981E220C15928006626C0 /* PBXContainerItemProxy */ = {
			isa = PBXContainerItemProxy;
			containerPortal = 095981BA20C15928006626C0 /* Project object */;
			proxyType = 1;
			remoteGlobalIDString = 095981C120C15928006626C0;
			remoteInfo = schedule1;
		};
/* End PBXContainerItemProxy section */

/* Begin PBXFileReference section */
		095981C220C15928006626C0 /* schedule1.app */ = {isa = PBXFileReference; explicitFileType = wrapper.application; includeInIndex = 0; path = schedule1.app; sourceTree = BUILT_PRODUCTS_DIR; };
		095981C520C15928006626C0 /* AppDelegate.swift */ = {isa = PBXFileReference; lastKnownFileType = sourcecode.swift; path = AppDelegate.swift; sourceTree = "<group>"; };
		095981C720C15928006626C0 /* ViewController.swift */ = {isa = PBXFileReference; lastKnownFileType = sourcecode.swift; path = ViewController.swift; sourceTree = "<group>"; };
		095981CA20C15928006626C0 /* Base */ = {isa = PBXFileReference; lastKnownFileType = file.storyboard; name = Base; path = Base.lproj/Main.storyboard; sourceTree = "<group>"; };
		095981CC20C15928006626C0 /* Assets.xcassets */ = {isa = PBXFileReference; lastKnownFileType = folder.assetcatalog; path = Assets.xcassets; sourceTree = "<group>"; };
		095981CF20C15928006626C0 /* Base */ = {isa = PBXFileReference; lastKnownFileType = file.storyboard; name = Base; path = Base.lproj/LaunchScreen.storyboard; sourceTree = "<group>"; };
		095981D120C15928006626C0 /* Info.plist */ = {isa = PBXFileReference; lastKnownFileType = text.plist.xml; path = Info.plist; sourceTree = "<group>"; };
		095981D620C15928006626C0 /* schedule1Tests.xctest */ = {isa = PBXFileReference; explicitFileType = wrapper.cfbundle; includeInIndex = 0; path = schedule1Tests.xctest; sourceTree = BUILT_PRODUCTS_DIR; };
		095981DA20C15928006626C0 /* schedule1Tests.swift */ = {isa = PBXFileReference; lastKnownFileType = sourcecode.swift; path = schedule1Tests.swift; sourceTree = "<group>"; };
		095981DC20C15928006626C0 /* Info.plist */ = {isa = PBXFileReference; lastKnownFileType = text.plist.xml; path = Info.plist; sourceTree = "<group>"; };
		095981E120C15928006626C0 /* schedule1UITests.xctest */ = {isa = PBXFileReference; explicitFileType = wrapper.cfbundle; includeInIndex = 0; path = schedule1UITests.xctest; sourceTree = BUILT_PRODUCTS_DIR; };
		095981E520C15928006626C0 /* schedule1UITests.swift */ = {isa = PBXFileReference; lastKnownFileType = sourcecode.swift; path = schedule1UITests.swift; sourceTree = "<group>"; };
		095981E720C15928006626C0 /* Info.plist */ = {isa = PBXFileReference; lastKnownFileType = text.plist.xml; path = Info.plist; sourceTree = "<group>"; };
/* End PBXFileReference section */

/* Begin PBXFrameworksBuildPhase section */
		095981BF20C15928006626C0 /* Frameworks */ = {
			isa = PBXFrameworksBuildPhase;
			buildActionMask = 2147483647;
			files = (
			);
			runOnlyForDeploymentPostprocessing = 0;
		};
		095981D320C15928006626C0 /* Frameworks */ = {
			isa = PBXFrameworksBuildPhase;
			buildActionMask = 2147483647;
			files = (
			);
			runOnlyForDeploymentPostprocessing = 0;
		};
		095981DE20C15928006626C0 /* Frameworks */ = {
			isa = PBXFrameworksBuildPhase;
			buildActionMask = 2147483647;
			files = (
			);
			runOnlyForDeploymentPostprocessing = 0;
		};
/* End PBXFrameworksBuildPhase section */

/* Begin PBXGroup section */
		095981B920C15928006626C0 = {
			isa = PBXGroup;
			children = (
				095981C420C15928006626C0 /* schedule1 */,
				095981D920C15928006626C0 /* schedule1Tests */,
				095981E420C15928006626C0 /* schedule1UITests */,
				095981C320C15928006626C0 /* Products */,
			);
			sourceTree = "<group>";
		};
		095981C320C15928006626C0 /* Products */ = {
			isa = PBXGroup;
			children = (
				095981C220C15928006626C0 /* schedule1.app */,
				095981D620C15928006626C0 /* schedule1Tests.xctest */,
				095981E120C15928006626C0 /* schedule1UITests.xctest */,
			);
			name = Products;
			sourceTree = "<group>";
		};
		095981C420C15928006626C0 /* schedule1 */ = {
			isa = PBXGroup;
			children = (
				095981C520C15928006626C0 /* AppDelegate.swift */,
				095981C720C15928006626C0 /* ViewController.swift */,
				095981C920C15928006626C0 /* Main.storyboard */,
				095981CC20C15928006626C0 /* Assets.xcassets */,
				095981CE20C15928006626C0 /* LaunchScreen.storyboard */,
				095981D120C15928006626C0 /* Info.plist */,
			);
			path = schedule1;
			sourceTree = "<group>";
		};
		095981D920C15928006626C0 /* schedule1Tests */ = {
			isa = PBXGroup;
			children = (
				095981DA20C15928006626C0 /* schedule1Tests.swift */,
				095981DC20C15928006626C0 /* Info.plist */,
			);
			path = schedule1Tests;
			sourceTree = "<group>";
		};
		095981E420C15928006626C0 /* schedule1UITests */ = {
			isa = PBXGroup;
			children = (
				095981E520C15928006626C0 /* schedule1UITests.swift */,
				095981E720C15928006626C0 /* Info.plist */,
			);
			path = schedule1UITests;
			sourceTree = "<group>";
		};
/* End PBXGroup section */

/* Begin PBXNativeTarget section */
		095981C120C15928006626C0 /* schedule1 */ = {
			isa = PBXNativeTarget;
			buildConfigurationList = 095981EA20C15928006626C0 /* Build configuration list for PBXNativeTarget "schedule1" */;
			buildPhases = (
				095981BE20C15928006626C0 /* Sources */,
				095981BF20C15928006626C0 /* Frameworks */,
				095981C020C15928006626C0 /* Resources */,
			);
			buildRules = (
			);
			dependencies = (
			);
			name = schedule1;
			productName = schedule1;
			productReference = 095981C220C15928006626C0 /* schedule1.app */;
			productType = "com.apple.product-type.application";
		};
		095981D520C15928006626C0 /* schedule1Tests */ = {
			isa = PBXNativeTarget;
			buildConfigurationList = 095981ED20C15928006626C0 /* Build configuration list for PBXNativeTarget "schedule1Tests" */;
			buildPhases = (
				095981D220C15928006626C0 /* Sources */,
				095981D320C15928006626C0 /* Frameworks */,
				095981D420C15928006626C0 /* Resources */,
			);
			buildRules = (
			);
			dependencies = (
				095981D820C15928006626C0 /* PBXTargetDependency */,
			);
			name = schedule1Tests;
			productName = schedule1Tests;
			productReference = 095981D620C15928006626C0 /* schedule1Tests.xctest */;
			productType = "com.apple.product-type.bundle.unit-test";
		};
		095981E020C15928006626C0 /* schedule1UITests */ = {
			isa = PBXNativeTarget;
			buildConfigurationList = 095981F020C15928006626C0 /* Build configuration list for PBXNativeTarget "schedule1UITests" */;
			buildPhases = (
				095981DD20C15928006626C0 /* Sources */,
				095981DE20C15928006626C0 /* Frameworks */,
				095981DF20C15928006626C0 /* Resources */,
			);
			buildRules = (
			);
			dependencies = (
				095981E320C15928006626C0 /* PBXTargetDependency */,
			);
			name = schedule1UITests;
			productName = schedule1UITests;
			productReference = 095981E120C15928006626C0 /* schedule1UITests.xctest */;
			productType = "com.apple.product-type.bundle.ui-testing";
		};
/* End PBXNativeTarget section */

/* Begin PBXProject section */
		095981BA20C15928006626C0 /* Project object */ = {
			isa = PBXProject;
			attributes = {
				LastSwiftUpdateCheck = 0920;
				LastUpgradeCheck = 0920;
				ORGANIZATIONNAME = mycompany;
				TargetAttributes = {
					095981C120C15928006626C0 = {
						CreatedOnToolsVersion = 9.2;
						ProvisioningStyle = Automatic;
					};
					095981D520C15928006626C0 = {
						CreatedOnToolsVersion = 9.2;
						ProvisioningStyle = Automatic;
						TestTargetID = 095981C120C15928006626C0;
					};
					095981E020C15928006626C0 = {
						CreatedOnToolsVersion = 9.2;
						ProvisioningStyle = Automatic;
						TestTargetID = 095981C120C15928006626C0;
					};
				};
			};
			buildConfigurationList = 095981BD20C15928006626C0 /* Build configuration list for PBXProject "schedule1" */;
			compatibilityVersion = "Xcode 8.0";
			developmentRegion = en;
			hasScannedForEncodings = 0;
			knownRegions = (
				en,
				Base,
			);
			mainGroup = 095981B920C15928006626C0;
			productRefGroup = 095981C320C15928006626C0 /* Products */;
			projectDirPath = "";
			projectRoot = "";
			targets = (
				095981C120C15928006626C0 /* schedule1 */,
				095981D520C15928006626C0 /* schedule1Tests */,
				095981E020C15928006626C0 /* schedule1UITests */,
			);
		};
/* End PBXProject section */

/* Begin PBXResourcesBuildPhase section */
		095981C020C15928006626C0 /* Resources */ = {
			isa = PBXResourcesBuildPhase;
			buildActionMask = 2147483647;
			files = (
				095981D020C15928006626C0 /* LaunchScreen.storyboard in Resources */,
				095981CD20C15928006626C0 /* Assets.xcassets in Resources */,
				095981CB20C15928006626C0 /* Main.storyboard in Resources */,
			);
			runOnlyForDeploymentPostprocessing = 0;
		};
		095981D420C15928006626C0 /* Resources */ = {
			isa = PBXResourcesBuildPhase;
			buildActionMask = 2147483647;
			files = (
			);
			runOnlyForDeploymentPostprocessing = 0;
		};
		095981DF20C15928006626C0 /* Resources */ = {
			isa = PBXResourcesBuildPhase;
			buildActionMask = 2147483647;
			files = (
			);
			runOnlyForDeploymentPostprocessing = 0;
		};
/* End PBXResourcesBuildPhase section */

/* Begin PBXSourcesBuildPhase section */
		095981BE20C15928006626C0 /* Sources */ = {
			isa = PBXSourcesBuildPhase;
			buildActionMask = 2147483647;
			files = (
				095981C820C15928006626C0 /* ViewController.swift in Sources */,
				095981C620C15928006626C0 /* AppDelegate.swift in Sources */,
			);
			runOnlyForDeploymentPostprocessing = 0;
		};
		095981D220C15928006626C0 /* Sources */ = {
			isa = PBXSourcesBuildPhase;
			buildActionMask = 2147483647;
			files = (
				095981DB20C15928006626C0 /* schedule1Tests.swift in Sources */,
			);
			runOnlyForDeploymentPostprocessing = 0;
		};
		095981DD20C15928006626C0 /* Sources */ = {
			isa = PBXSourcesBuildPhase;
			buildActionMask = 2147483647;
			files = (
				095981E620C15928006626C0 /* schedule1UITests.swift in Sources */,
			);
			runOnlyForDeploymentPostprocessing = 0;
		};
/* End PBXSourcesBuildPhase section */

/* Begin PBXTargetDependency section */
		095981D820C15928006626C0 /* PBXTargetDependency */ = {
			isa = PBXTargetDependency;
			target = 095981C120C15928006626C0 /* schedule1 */;
			targetProxy = 095981D720C15928006626C0 /* PBXContainerItemProxy */;
		};
		095981E320C15928006626C0 /* PBXTargetDependency */ = {
			isa = PBXTargetDependency;
			target = 095981C120C15928006626C0 /* schedule1 */;
			targetProxy = 095981E220C15928006626C0 /* PBXContainerItemProxy */;
		};
/* End PBXTargetDependency section */

/* Begin PBXVariantGroup section */
		095981C920C15928006626C0 /* Main.storyboard */ = {
			isa = PBXVariantGroup;
			children = (
				095981CA20C15928006626C0 /* Base */,
			);
			name = Main.storyboard;
			sourceTree = "<group>";
		};
		095981CE20C15928006626C0 /* LaunchScreen.storyboard */ = {
			isa = PBXVariantGroup;
			children = (
				095981CF20C15928006626C0 /* Base */,
			);
			name = LaunchScreen.storyboard;
			sourceTree = "<group>";
		};
/* End PBXVariantGroup section */

/* Begin XCBuildConfiguration section */
		095981E820C15928006626C0 /* Debug */ = {
			isa = XCBuildConfiguration;
			buildSettings = {
				ALWAYS_SEARCH_USER_PATHS = NO;
				CLANG_ANALYZER_NONNULL = YES;
				CLANG_ANALYZER_NUMBER_OBJECT_CONVERSION = YES_AGGRESSIVE;
				CLANG_CXX_LANGUAGE_STANDARD = "gnu++14";
				CLANG_CXX_LIBRARY = "libc++";
				CLANG_ENABLE_MODULES = YES;
				CLANG_ENABLE_OBJC_ARC = YES;
				CLANG_WARN_BLOCK_CAPTURE_AUTORELEASING = YES;
				CLANG_WARN_BOOL_CONVERSION = YES;
				CLANG_WARN_COMMA = YES;
				CLANG_WARN_CONSTANT_CONVERSION = YES;
				CLANG_WARN_DIRECT_OBJC_ISA_USAGE = YES_ERROR;
				CLANG_WARN_DOCUMENTATION_COMMENTS = YES;
				CLANG_WARN_EMPTY_BODY = YES;
				CLANG_WARN_ENUM_CONVERSION = YES;
				CLANG_WARN_INFINITE_RECURSION = YES;
				CLANG_WARN_INT_CONVERSION = YES;
				CLANG_WARN_NON_LITERAL_NULL_CONVERSION = YES;
				CLANG_WARN_OBJC_LITERAL_CONVERSION = YES;
				CLANG_WARN_OBJC_ROOT_CLASS = YES_ERROR;
				CLANG_WARN_RANGE_LOOP_ANALYSIS = YES;
				CLANG_WARN_STRICT_PROTOTYPES = YES;
				CLANG_WARN_SUSPICIOUS_MOVE = YES;
				CLANG_WARN_UNGUARDED_AVAILABILITY = YES_AGGRESSIVE;
				CLANG_WARN_UNREACHABLE_CODE = YES;
				CLANG_WARN__DUPLICATE_METHOD_MATCH = YES;
				CODE_SIGN_IDENTITY = "iPhone Developer";
				COPY_PHASE_STRIP = NO;
				DEBUG_INFORMATION_FORMAT = dwarf;
				ENABLE_STRICT_OBJC_MSGSEND = YES;
				ENABLE_TESTABILITY = YES;
				GCC_C_LANGUAGE_STANDARD = gnu11;
				GCC_DYNAMIC_NO_PIC = NO;
				GCC_NO_COMMON_BLOCKS = YES;
				GCC_OPTIMIZATION_LEVEL = 0;
				GCC_PREPROCESSOR_DEFINITIONS = (
					"DEBUG=1",
					"$(inherited)",
				);
				GCC_WARN_64_TO_32_BIT_CONVERSION = YES;
				GCC_WARN_ABOUT_RETURN_TYPE = YES_ERROR;
				GCC_WARN_UNDECLARED_SELECTOR = YES;
				GCC_WARN_UNINITIALIZED_AUTOS = YES_AGGRESSIVE;
				GCC_WARN_UNUSED_FUNCTION = YES;
				GCC_WARN_UNUSED_VARIABLE = YES;
				IPHONEOS_DEPLOYMENT_TARGET = 11.2;
				MTL_ENABLE_DEBUG_INFO = YES;
				ONLY_ACTIVE_ARCH = YES;
				SDKROOT = iphoneos;
				SWIFT_ACTIVE_COMPILATION_CONDITIONS = DEBUG;
				SWIFT_OPTIMIZATION_LEVEL = "-Onone";
			};
			name = Debug;
		};
		095981E920C15928006626C0 /* Release */ = {
			isa = XCBuildConfiguration;
			buildSettings = {
				ALWAYS_SEARCH_USER_PATHS = NO;
				CLANG_ANALYZER_NONNULL = YES;
				CLANG_ANALYZER_NUMBER_OBJECT_CONVERSION = YES_AGGRESSIVE;
				CLANG_CXX_LANGUAGE_STANDARD = "gnu++14";
				CLANG_CXX_LIBRARY = "libc++";
				CLANG_ENABLE_MODULES = YES;
				CLANG_ENABLE_OBJC_ARC = YES;
				CLANG_WARN_BLOCK_CAPTURE_AUTORELEASING = YES;
				CLANG_WARN_BOOL_CONVERSION = YES;
				CLANG_WARN_COMMA = YES;
				CLANG_WARN_CONSTANT_CONVERSION = YES;
				CLANG_WARN_DIRECT_OBJC_ISA_USAGE = YES_ERROR;
				CLANG_WARN_DOCUMENTATION_COMMENTS = YES;
				CLANG_WARN_EMPTY_BODY = YES;
				CLANG_WARN_ENUM_CONVERSION = YES;
				CLANG_WARN_INFINITE_RECURSION = YES;
				CLANG_WARN_INT_CONVERSION = YES;
				CLANG_WARN_NON_LITERAL_NULL_CONVERSION = YES;
				CLANG_WARN_OBJC_LITERAL_CONVERSION = YES;
				CLANG_WARN_OBJC_ROOT_CLASS = YES_ERROR;
				CLANG_WARN_RANGE_LOOP_ANALYSIS = YES;
				CLANG_WARN_STRICT_PROTOTYPES = YES;
				CLANG_WARN_SUSPICIOUS_MOVE = YES;
				CLANG_WARN_UNGUARDED_AVAILABILITY = YES_AGGRESSIVE;
				CLANG_WARN_UNREACHABLE_CODE = YES;
				CLANG_WARN__DUPLICATE_METHOD_MATCH = YES;
				CODE_SIGN_IDENTITY = "iPhone Developer";
				COPY_PHASE_STRIP = NO;
				DEBUG_INFORMATION_FORMAT = "dwarf-with-dsym";
				ENABLE_NS_ASSERTIONS = NO;
				ENABLE_STRICT_OBJC_MSGSEND = YES;
				GCC_C_LANGUAGE_STANDARD = gnu11;
				GCC_NO_COMMON_BLOCKS = YES;
				GCC_WARN_64_TO_32_BIT_CONVERSION = YES;
				GCC_WARN_ABOUT_RETURN_TYPE = YES_ERROR;
				GCC_WARN_UNDECLARED_SELECTOR = YES;
				GCC_WARN_UNINITIALIZED_AUTOS = YES_AGGRESSIVE;
				GCC_WARN_UNUSED_FUNCTION = YES;
				GCC_WARN_UNUSED_VARIABLE = YES;
				IPHONEOS_DEPLOYMENT_TARGET = 11.2;
				MTL_ENABLE_DEBUG_INFO = NO;
				SDKROOT = iphoneos;
				SWIFT_OPTIMIZATION_LEVEL = "-Owholemodule";
				VALIDATE_PRODUCT = YES;
			};
			name = Release;
		};
		095981EB20C15928006626C0 /* Debug */ = {
			isa = XCBuildConfiguration;
			buildSettings = {
				ASSETCATALOG_COMPILER_APPICON_NAME = AppIcon;
				CODE_SIGN_STYLE = Automatic;
				INFOPLIST_FILE = schedule1/Info.plist;
				LD_RUNPATH_SEARCH_PATHS = "$(inherited) @executable_path/Frameworks";
				PRODUCT_BUNDLE_IDENTIFIER = com.litech.schedule1;
				PRODUCT_NAME = "$(TARGET_NAME)";
				SWIFT_VERSION = 4.0;
				TARGETED_DEVICE_FAMILY = "1,2";
			};
			name = Debug;
		};
		095981EC20C15928006626C0 /* Release */ = {
			isa = XCBuildConfiguration;
			buildSettings = {
				ASSETCATALOG_COMPILER_APPICON_NAME = AppIcon;
				CODE_SIGN_STYLE = Automatic;
				INFOPLIST_FILE = schedule1/Info.plist;
				LD_RUNPATH_SEARCH_PATHS = "$(inherited) @executable_path/Frameworks";
				PRODUCT_BUNDLE_IDENTIFIER = com.litech.schedule1;
				PRODUCT_NAME = "$(TARGET_NAME)";
				SWIFT_VERSION = 4.0;
				TARGETED_DEVICE_FAMILY = "1,2";
			};
			name = Release;
		};
		095981EE20C15928006626C0 /* Debug */ = {
			isa = XCBuildConfiguration;
			buildSettings = {
				ALWAYS_EMBED_SWIFT_STANDARD_LIBRARIES = YES;
				BUNDLE_LOADER = "$(TEST_HOST)";
				CODE_SIGN_STYLE = Automatic;
				INFOPLIST_FILE = schedule1Tests/Info.plist;
				LD_RUNPATH_SEARCH_PATHS = "$(inherited) @executable_path/Frameworks @loader_path/Frameworks";
				PRODUCT_BUNDLE_IDENTIFIER = com.litech.schedule1Tests;
				PRODUCT_NAME = "$(TARGET_NAME)";
				SWIFT_VERSION = 4.0;
				TARGETED_DEVICE_FAMILY = "1,2";
				TEST_HOST = "$(BUILT_PRODUCTS_DIR)/schedule1.app/schedule1";
			};
			name = Debug;
		};
		095981EF20C15928006626C0 /* Release */ = {
			isa = XCBuildConfiguration;
			buildSettings = {
				ALWAYS_EMBED_SWIFT_STANDARD_LIBRARIES = YES;
				BUNDLE_LOADER = "$(TEST_HOST)";
				CODE_SIGN_STYLE = Automatic;
				INFOPLIST_FILE = schedule1Tests/Info.plist;
				LD_RUNPATH_SEARCH_PATHS = "$(inherited) @executable_path/Frameworks @loader_path/Frameworks";
				PRODUCT_BUNDLE_IDENTIFIER = com.litech.schedule1Tests;
				PRODUCT_NAME = "$(TARGET_NAME)";
				SWIFT_VERSION = 4.0;
				TARGETED_DEVICE_FAMILY = "1,2";
				TEST_HOST = "$(BUILT_PRODUCTS_DIR)/schedule1.app/schedule1";
			};
			name = Release;
		};
		095981F120C15928006626C0 /* Debug */ = {
			isa = XCBuildConfiguration;
			buildSettings = {
				ALWAYS_EMBED_SWIFT_STANDARD_LIBRARIES = YES;
				CODE_SIGN_STYLE = Automatic;
				INFOPLIST_FILE = schedule1UITests/Info.plist;
				LD_RUNPATH_SEARCH_PATHS = "$(inherited) @executable_path/Frameworks @loader_path/Frameworks";
				PRODUCT_BUNDLE_IDENTIFIER = com.litech.schedule1UITests;
				PRODUCT_NAME = "$(TARGET_NAME)";
				SWIFT_VERSION = 4.0;
				TARGETED_DEVICE_FAMILY = "1,2";
				TEST_TARGET_NAME = schedule1;
			};
			name = Debug;
		};
		095981F220C15928006626C0 /* Release */ = {
			isa = XCBuildConfiguration;
			buildSettings = {
				ALWAYS_EMBED_SWIFT_STANDARD_LIBRARIES = YES;
				CODE_SIGN_STYLE = Automatic;
				INFOPLIST_FILE = schedule1UITests/Info.plist;
				LD_RUNPATH_SEARCH_PATHS = "$(inherited) @executable_path/Frameworks @loader_path/Frameworks";
				PRODUCT_BUNDLE_IDENTIFIER = com.litech.schedule1UITests;
				PRODUCT_NAME = "$(TARGET_NAME)";
				SWIFT_VERSION = 4.0;
				TARGETED_DEVICE_FAMILY = "1,2";
				TEST_TARGET_NAME = schedule1;
			};
			name = Release;
		};
/* End XCBuildConfiguration section */

/* Begin XCConfigurationList section */
		095981BD20C15928006626C0 /* Build configuration list for PBXProject "schedule1" */ = {
			isa = XCConfigurationList;
			buildConfigurations = (
				095981E820C15928006626C0 /* Debug */,
				095981E920C15928006626C0 /* Release */,
			);
			defaultConfigurationIsVisible = 0;
			defaultConfigurationName = Release;
		};
		095981EA20C15928006626C0 /* Build configuration list for PBXNativeTarget "schedule1" */ = {
			isa = XCConfigurationList;
			buildConfigurations = (
				095981EB20C15928006626C0 /* Debug */,
				095981EC20C15928006626C0 /* Release */,
			);
			defaultConfigurationIsVisible = 0;
			defaultConfigurationName = Release;
		};
		095981ED20C15928006626C0 /* Build configuration list for PBXNativeTarget "schedule1Tests" */ = {
			isa = XCConfigurationList;
			buildConfigurations = (
				095981EE20C15928006626C0 /* Debug */,
				095981EF20C15928006626C0 /* Release */,
			);
			defaultConfigurationIsVisible = 0;
			defaultConfigurationName = Release;
		};
		095981F020C15928006626C0 /* Build configuration list for PBXNativeTarget "schedule1UITests" */ = {
			isa = XCConfigurationList;
			buildConfigurations = (
				095981F120C15928006626C0 /* Debug */,
				095981F220C15928006626C0 /* Release */,
			);
			defaultConfigurationIsVisible = 0;
			defaultConfigurationName = Release;
		};
/* End XCConfigurationList section */
	};
	rootObject = 095981BA20C15928006626C0 /* Project object */;
}
